// !$*UTF8*$!
{
	archiveVersion = 1;
	classes = {
	};
	objectVersion = 46;
	objects = {

/* Begin PBXBuildFile section */
		D09497C2192E9D6B006C00A0 /* Foundation.framework in Frameworks */ = {isa = PBXBuildFile; fileRef = D09497C1192E9D6B006C00A0 /* Foundation.framework */; };
		D09497C4192E9D6B006C00A0 /* CoreGraphics.framework in Frameworks */ = {isa = PBXBuildFile; fileRef = D09497C3192E9D6B006C00A0 /* CoreGraphics.framework */; };
		D09497C6192E9D6B006C00A0 /* UIKit.framework in Frameworks */ = {isa = PBXBuildFile; fileRef = D09497C5192E9D6B006C00A0 /* UIKit.framework */; };
		D09497CC192E9D6B006C00A0 /* InfoPlist.strings in Resources */ = {isa = PBXBuildFile; fileRef = D09497CA192E9D6B006C00A0 /* InfoPlist.strings */; };
		D09497CE192E9D6B006C00A0 /* main.m in Sources */ = {isa = PBXBuildFile; fileRef = D09497CD192E9D6B006C00A0 /* main.m */; };
		D09497D2192E9D6B006C00A0 /* AppDelegate.m in Sources */ = {isa = PBXBuildFile; fileRef = D09497D1192E9D6B006C00A0 /* AppDelegate.m */; };
		D09497D5192E9D6B006C00A0 /* Main.storyboard in Resources */ = {isa = PBXBuildFile; fileRef = D09497D3192E9D6B006C00A0 /* Main.storyboard */; };
		D09497D8192E9D6B006C00A0 /* ViewController.m in Sources */ = {isa = PBXBuildFile; fileRef = D09497D7192E9D6B006C00A0 /* ViewController.m */; };
		D09497DA192E9D6B006C00A0 /* Images.xcassets in Resources */ = {isa = PBXBuildFile; fileRef = D09497D9192E9D6B006C00A0 /* Images.xcassets */; };
		D09497E1192E9D6B006C00A0 /* XCTest.framework in Frameworks */ = {isa = PBXBuildFile; fileRef = D09497E0192E9D6B006C00A0 /* XCTest.framework */; };
		D09497E2192E9D6B006C00A0 /* Foundation.framework in Frameworks */ = {isa = PBXBuildFile; fileRef = D09497C1192E9D6B006C00A0 /* Foundation.framework */; };
		D09497E3192E9D6B006C00A0 /* UIKit.framework in Frameworks */ = {isa = PBXBuildFile; fileRef = D09497C5192E9D6B006C00A0 /* UIKit.framework */; };
		D09497EB192E9D6B006C00A0 /* InfoPlist.strings in Resources */ = {isa = PBXBuildFile; fileRef = D09497E9192E9D6B006C00A0 /* InfoPlist.strings */; };
		D09497ED192E9D6B006C00A0 /* Week2AssessmentTests.m in Sources */ = {isa = PBXBuildFile; fileRef = D09497EC192E9D6B006C00A0 /* Week2AssessmentTests.m */; };
		D09497F8192E9DC1006C00A0 /* City.m in Sources */ = {isa = PBXBuildFile; fileRef = D09497F7192E9DC1006C00A0 /* City.m */; };
		D09497FB192EAB4D006C00A0 /* CityStateViewController.m in Sources */ = {isa = PBXBuildFile; fileRef = D09497FA192EAB4D006C00A0 /* CityStateViewController.m */; };
/* End PBXBuildFile section */

/* Begin PBXContainerItemProxy section */
		D09497E4192E9D6B006C00A0 /* PBXContainerItemProxy */ = {
			isa = PBXContainerItemProxy;
			containerPortal = D09497B6192E9D6B006C00A0 /* Project object */;
			proxyType = 1;
			remoteGlobalIDString = D09497BD192E9D6B006C00A0;
			remoteInfo = Week2Assessment;
		};
/* End PBXContainerItemProxy section */

/* Begin PBXFileReference section */
		D09497BE192E9D6B006C00A0 /* Week2Assessment.app */ = {isa = PBXFileReference; explicitFileType = wrapper.application; includeInIndex = 0; path = Week2Assessment.app; sourceTree = BUILT_PRODUCTS_DIR; };
		D09497C1192E9D6B006C00A0 /* Foundation.framework */ = {isa = PBXFileReference; lastKnownFileType = wrapper.framework; name = Foundation.framework; path = System/Library/Frameworks/Foundation.framework; sourceTree = SDKROOT; };
		D09497C3192E9D6B006C00A0 /* CoreGraphics.framework */ = {isa = PBXFileReference; lastKnownFileType = wrapper.framework; name = CoreGraphics.framework; path = System/Library/Frameworks/CoreGraphics.framework; sourceTree = SDKROOT; };
		D09497C5192E9D6B006C00A0 /* UIKit.framework */ = {isa = PBXFileReference; lastKnownFileType = wrapper.framework; name = UIKit.framework; path = System/Library/Frameworks/UIKit.framework; sourceTree = SDKROOT; };
		D09497C9192E9D6B006C00A0 /* Week2Assessment-Info.plist */ = {isa = PBXFileReference; lastKnownFileType = text.plist.xml; path = "Week2Assessment-Info.plist"; sourceTree = "<group>"; };
		D09497CB192E9D6B006C00A0 /* en */ = {isa = PBXFileReference; lastKnownFileType = text.plist.strings; name = en; path = en.lproj/InfoPlist.strings; sourceTree = "<group>"; };
		D09497CD192E9D6B006C00A0 /* main.m */ = {isa = PBXFileReference; lastKnownFileType = sourcecode.c.objc; path = main.m; sourceTree = "<group>"; };
		D09497CF192E9D6B006C00A0 /* Week2Assessment-Prefix.pch */ = {isa = PBXFileReference; lastKnownFileType = sourcecode.c.h; path = "Week2Assessment-Prefix.pch"; sourceTree = "<group>"; };
		D09497D0192E9D6B006C00A0 /* AppDelegate.h */ = {isa = PBXFileReference; lastKnownFileType = sourcecode.c.h; path = AppDelegate.h; sourceTree = "<group>"; };
		D09497D1192E9D6B006C00A0 /* AppDelegate.m */ = {isa = PBXFileReference; lastKnownFileType = sourcecode.c.objc; path = AppDelegate.m; sourceTree = "<group>"; };
		D09497D4192E9D6B006C00A0 /* Base */ = {isa = PBXFileReference; lastKnownFileType = file.storyboard; name = Base; path = Base.lproj/Main.storyboard; sourceTree = "<group>"; };
		D09497D6192E9D6B006C00A0 /* ViewController.h */ = {isa = PBXFileReference; lastKnownFileType = sourcecode.c.h; path = ViewController.h; sourceTree = "<group>"; };
		D09497D7192E9D6B006C00A0 /* ViewController.m */ = {isa = PBXFileReference; lastKnownFileType = sourcecode.c.objc; path = ViewController.m; sourceTree = "<group>"; };
		D09497D9192E9D6B006C00A0 /* Images.xcassets */ = {isa = PBXFileReference; lastKnownFileType = folder.assetcatalog; path = Images.xcassets; sourceTree = "<group>"; };
		D09497DF192E9D6B006C00A0 /* Week2AssessmentTests.xctest */ = {isa = PBXFileReference; explicitFileType = wrapper.cfbundle; includeInIndex = 0; path = Week2AssessmentTests.xctest; sourceTree = BUILT_PRODUCTS_DIR; };
		D09497E0192E9D6B006C00A0 /* XCTest.framework */ = {isa = PBXFileReference; lastKnownFileType = wrapper.framework; name = XCTest.framework; path = Library/Frameworks/XCTest.framework; sourceTree = DEVELOPER_DIR; };
		D09497E8192E9D6B006C00A0 /* Week2AssessmentTests-Info.plist */ = {isa = PBXFileReference; lastKnownFileType = text.plist.xml; path = "Week2AssessmentTests-Info.plist"; sourceTree = "<group>"; };
		D09497EA192E9D6B006C00A0 /* en */ = {isa = PBXFileReference; lastKnownFileType = text.plist.strings; name = en; path = en.lproj/InfoPlist.strings; sourceTree = "<group>"; };
		D09497EC192E9D6B006C00A0 /* Week2AssessmentTests.m */ = {isa = PBXFileReference; lastKnownFileType = sourcecode.c.objc; path = Week2AssessmentTests.m; sourceTree = "<group>"; };
		D09497F6192E9DC1006C00A0 /* City.h */ = {isa = PBXFileReference; fileEncoding = 4; lastKnownFileType = sourcecode.c.h; name = City.h; path = ../City.h; sourceTree = "<group>"; };
		D09497F7192E9DC1006C00A0 /* City.m */ = {isa = PBXFileReference; fileEncoding = 4; lastKnownFileType = sourcecode.c.objc; name = City.m; path = ../City.m; sourceTree = "<group>"; };
		D09497F9192EAB4D006C00A0 /* CityStateViewController.h */ = {isa = PBXFileReference; fileEncoding = 4; lastKnownFileType = sourcecode.c.h; path = CityStateViewController.h; sourceTree = "<group>"; };
		D09497FA192EAB4D006C00A0 /* CityStateViewController.m */ = {isa = PBXFileReference; fileEncoding = 4; lastKnownFileType = sourcecode.c.objc; path = CityStateViewController.m; sourceTree = "<group>"; };
/* End PBXFileReference section */

/* Begin PBXFrameworksBuildPhase section */
		D09497BB192E9D6B006C00A0 /* Frameworks */ = {
			isa = PBXFrameworksBuildPhase;
			buildActionMask = 2147483647;
			files = (
				D09497C4192E9D6B006C00A0 /* CoreGraphics.framework in Frameworks */,
				D09497C6192E9D6B006C00A0 /* UIKit.framework in Frameworks */,
				D09497C2192E9D6B006C00A0 /* Foundation.framework in Frameworks */,
			);
			runOnlyForDeploymentPostprocessing = 0;
		};
		D09497DC192E9D6B006C00A0 /* Frameworks */ = {
			isa = PBXFrameworksBuildPhase;
			buildActionMask = 2147483647;
			files = (
				D09497E1192E9D6B006C00A0 /* XCTest.framework in Frameworks */,
				D09497E3192E9D6B006C00A0 /* UIKit.framework in Frameworks */,
				D09497E2192E9D6B006C00A0 /* Foundation.framework in Frameworks */,
			);
			runOnlyForDeploymentPostprocessing = 0;
		};
/* End PBXFrameworksBuildPhase section */

/* Begin PBXGroup section */
		D09497B5192E9D6B006C00A0 = {
			isa = PBXGroup;
			children = (
				D09497C7192E9D6B006C00A0 /* Week2Assessment */,
				D09497E6192E9D6B006C00A0 /* Week2AssessmentTests */,
				D09497C0192E9D6B006C00A0 /* Frameworks */,
				D09497BF192E9D6B006C00A0 /* Products */,
			);
			sourceTree = "<group>";
		};
		D09497BF192E9D6B006C00A0 /* Products */ = {
			isa = PBXGroup;
			children = (
				D09497BE192E9D6B006C00A0 /* Week2Assessment.app */,
				D09497DF192E9D6B006C00A0 /* Week2AssessmentTests.xctest */,
			);
			name = Products;
			sourceTree = "<group>";
		};
		D09497C0192E9D6B006C00A0 /* Frameworks */ = {
			isa = PBXGroup;
			children = (
				D09497C1192E9D6B006C00A0 /* Foundation.framework */,
				D09497C3192E9D6B006C00A0 /* CoreGraphics.framework */,
				D09497C5192E9D6B006C00A0 /* UIKit.framework */,
				D09497E0192E9D6B006C00A0 /* XCTest.framework */,
			);
			name = Frameworks;
			sourceTree = "<group>";
		};
		D09497C7192E9D6B006C00A0 /* Week2Assessment */ = {
			isa = PBXGroup;
			children = (
				D09497D0192E9D6B006C00A0 /* AppDelegate.h */,
				D09497D1192E9D6B006C00A0 /* AppDelegate.m */,
				D09497D3192E9D6B006C00A0 /* Main.storyboard */,
				D09497F6192E9DC1006C00A0 /* City.h */,
				D09497F7192E9DC1006C00A0 /* City.m */,
				D09497F9192EAB4D006C00A0 /* CityStateViewController.h */,
				D09497FA192EAB4D006C00A0 /* CityStateViewController.m */,
				D09497D6192E9D6B006C00A0 /* ViewController.h */,
				D09497D7192E9D6B006C00A0 /* ViewController.m */,
				D09497D9192E9D6B006C00A0 /* Images.xcassets */,
				D09497C8192E9D6B006C00A0 /* Supporting Files */,
			);
			path = Week2Assessment;
			sourceTree = "<group>";
		};
		D09497C8192E9D6B006C00A0 /* Supporting Files */ = {
			isa = PBXGroup;
			children = (
				D09497C9192E9D6B006C00A0 /* Week2Assessment-Info.plist */,
				D09497CA192E9D6B006C00A0 /* InfoPlist.strings */,
				D09497CD192E9D6B006C00A0 /* main.m */,
				D09497CF192E9D6B006C00A0 /* Week2Assessment-Prefix.pch */,
			);
			name = "Supporting Files";
			sourceTree = "<group>";
		};
		D09497E6192E9D6B006C00A0 /* Week2AssessmentTests */ = {
			isa = PBXGroup;
			children = (
				D09497EC192E9D6B006C00A0 /* Week2AssessmentTests.m */,
				D09497E7192E9D6B006C00A0 /* Supporting Files */,
			);
			path = Week2AssessmentTests;
			sourceTree = "<group>";
		};
		D09497E7192E9D6B006C00A0 /* Supporting Files */ = {
			isa = PBXGroup;
			children = (
				D09497E8192E9D6B006C00A0 /* Week2AssessmentTests-Info.plist */,
				D09497E9192E9D6B006C00A0 /* InfoPlist.strings */,
			);
			name = "Supporting Files";
			sourceTree = "<group>";
		};
/* End PBXGroup section */

/* Begin PBXNativeTarget section */
		D09497BD192E9D6B006C00A0 /* Week2Assessment */ = {
			isa = PBXNativeTarget;
			buildConfigurationList = D09497F0192E9D6B006C00A0 /* Build configuration list for PBXNativeTarget "Week2Assessment" */;
			buildPhases = (
				D09497BA192E9D6B006C00A0 /* Sources */,
				D09497BB192E9D6B006C00A0 /* Frameworks */,
				D09497BC192E9D6B006C00A0 /* Resources */,
			);
			buildRules = (
			);
			dependencies = (
			);
			name = Week2Assessment;
			productName = Week2Assessment;
			productReference = D09497BE192E9D6B006C00A0 /* Week2Assessment.app */;
			productType = "com.apple.product-type.application";
		};
		D09497DE192E9D6B006C00A0 /* Week2AssessmentTests */ = {
			isa = PBXNativeTarget;
			buildConfigurationList = D09497F3192E9D6B006C00A0 /* Build configuration list for PBXNativeTarget "Week2AssessmentTests" */;
			buildPhases = (
				D09497DB192E9D6B006C00A0 /* Sources */,
				D09497DC192E9D6B006C00A0 /* Frameworks */,
				D09497DD192E9D6B006C00A0 /* Resources */,
			);
			buildRules = (
			);
			dependencies = (
				D09497E5192E9D6B006C00A0 /* PBXTargetDependency */,
			);
			name = Week2AssessmentTests;
			productName = Week2AssessmentTests;
			productReference = D09497DF192E9D6B006C00A0 /* Week2AssessmentTests.xctest */;
			productType = "com.apple.product-type.bundle.unit-test";
		};
/* End PBXNativeTarget section */

/* Begin PBXProject section */
		D09497B6192E9D6B006C00A0 /* Project object */ = {
			isa = PBXProject;
			attributes = {
				LastUpgradeCheck = 0510;
				ORGANIZATIONNAME = "Ryan Tiltz";
				TargetAttributes = {
					D09497DE192E9D6B006C00A0 = {
						TestTargetID = D09497BD192E9D6B006C00A0;
					};
				};
			};
			buildConfigurationList = D09497B9192E9D6B006C00A0 /* Build configuration list for PBXProject "Week2Assessment" */;
			compatibilityVersion = "Xcode 3.2";
			developmentRegion = English;
			hasScannedForEncodings = 0;
			knownRegions = (
				en,
				Base,
			);
			mainGroup = D09497B5192E9D6B006C00A0;
			productRefGroup = D09497BF192E9D6B006C00A0 /* Products */;
			projectDirPath = "";
			projectRoot = "";
			targets = (
				D09497BD192E9D6B006C00A0 /* Week2Assessment */,
				D09497DE192E9D6B006C00A0 /* Week2AssessmentTests */,
			);
		};
/* End PBXProject section */

/* Begin PBXResourcesBuildPhase section */
		D09497BC192E9D6B006C00A0 /* Resources */ = {
			isa = PBXResourcesBuildPhase;
			buildActionMask = 2147483647;
			files = (
				D09497DA192E9D6B006C00A0 /* Images.xcassets in Resources */,
				D09497CC192E9D6B006C00A0 /* InfoPlist.strings in Resources */,
				D09497D5192E9D6B006C00A0 /* Main.storyboard in Resources */,
			);
			runOnlyForDeploymentPostprocessing = 0;
		};
		D09497DD192E9D6B006C00A0 /* Resources */ = {
			isa = PBXResourcesBuildPhase;
			buildActionMask = 2147483647;
			files = (
				D09497EB192E9D6B006C00A0 /* InfoPlist.strings in Resources */,
			);
			runOnlyForDeploymentPostprocessing = 0;
		};
/* End PBXResourcesBuildPhase section */

/* Begin PBXSourcesBuildPhase section */
		D09497BA192E9D6B006C00A0 /* Sources */ = {
			isa = PBXSourcesBuildPhase;
			buildActionMask = 2147483647;
			files = (
				D09497D8192E9D6B006C00A0 /* ViewController.m in Sources */,
				D09497FB192EAB4D006C00A0 /* CityStateViewController.m in Sources */,
				D09497D2192E9D6B006C00A0 /* AppDelegate.m in Sources */,
				D09497F8192E9DC1006C00A0 /* City.m in Sources */,
				D09497CE192E9D6B006C00A0 /* main.m in Sources */,
			);
			runOnlyForDeploymentPostprocessing = 0;
		};
		D09497DB192E9D6B006C00A0 /* Sources */ = {
			isa = PBXSourcesBuildPhase;
			buildActionMask = 2147483647;
			files = (
				D09497ED192E9D6B006C00A0 /* Week2AssessmentTests.m in Sources */,
			);
			runOnlyForDeploymentPostprocessing = 0;
		};
/* End PBXSourcesBuildPhase section */

/* Begin PBXTargetDependency section */
		D09497E5192E9D6B006C00A0 /* PBXTargetDependency */ = {
			isa = PBXTargetDependency;
			target = D09497BD192E9D6B006C00A0 /* Week2Assessment */;
			targetProxy = D09497E4192E9D6B006C00A0 /* PBXContainerItemProxy */;
		};
/* End PBXTargetDependency section */

/* Begin PBXVariantGroup section */
		D09497CA192E9D6B006C00A0 /* InfoPlist.strings */ = {
			isa = PBXVariantGroup;
			children = (
				D09497CB192E9D6B006C00A0 /* en */,
			);
			name = InfoPlist.strings;
			sourceTree = "<group>";
		};
		D09497D3192E9D6B006C00A0 /* Main.storyboard */ = {
			isa = PBXVariantGroup;
			children = (
				D09497D4192E9D6B006C00A0 /* Base */,
			);
			name = Main.storyboard;
			sourceTree = "<group>";
		};
		D09497E9192E9D6B006C00A0 /* InfoPlist.strings */ = {
			isa = PBXVariantGroup;
			children = (
				D09497EA192E9D6B006C00A0 /* en */,
			);
			name = InfoPlist.strings;
			sourceTree = "<group>";
		};
/* End PBXVariantGroup section */

/* Begin XCBuildConfiguration section */
		D09497EE192E9D6B006C00A0 /* Debug */ = {
			isa = XCBuildConfiguration;
			buildSettings = {
				ALWAYS_SEARCH_USER_PATHS = NO;
				CLANG_CXX_LANGUAGE_STANDARD = "gnu++0x";
				CLANG_CXX_LIBRARY = "libc++";
				CLANG_ENABLE_MODULES = YES;
				CLANG_ENABLE_OBJC_ARC = YES;
				CLANG_WARN_BOOL_CONVERSION = YES;
				CLANG_WARN_CONSTANT_CONVERSION = YES;
				CLANG_WARN_DIRECT_OBJC_ISA_USAGE = YES_ERROR;
				CLANG_WARN_EMPTY_BODY = YES;
				CLANG_WARN_ENUM_CONVERSION = YES;
				CLANG_WARN_INT_CONVERSION = YES;
				CLANG_WARN_OBJC_ROOT_CLASS = YES_ERROR;
				CLANG_WARN__DUPLICATE_METHOD_MATCH = YES;
				"CODE_SIGN_IDENTITY[sdk=iphoneos*]" = "iPhone Developer";
				COPY_PHASE_STRIP = NO;
				GCC_C_LANGUAGE_STANDARD = gnu99;
				GCC_DYNAMIC_NO_PIC = NO;
				GCC_OPTIMIZATION_LEVEL = 0;
				GCC_PREPROCESSOR_DEFINITIONS = (
					"DEBUG=1",
					"$(inherited)",
				);
				GCC_SYMBOLS_PRIVATE_EXTERN = NO;
				GCC_WARN_64_TO_32_BIT_CONVERSION = YES;
				GCC_WARN_ABOUT_RETURN_TYPE = YES_ERROR;
				GCC_WARN_UNDECLARED_SELECTOR = YES;
				GCC_WARN_UNINITIALIZED_AUTOS = YES_AGGRESSIVE;
				GCC_WARN_UNUSED_FUNCTION = YES;
				GCC_WARN_UNUSED_VARIABLE = YES;
				IPHONEOS_DEPLOYMENT_TARGET = 7.1;
				ONLY_ACTIVE_ARCH = YES;
				SDKROOT = iphoneos;
			};
			name = Debug;
		};
		D09497EF192E9D6B006C00A0 /* Release */ = {
			isa = XCBuildConfiguration;
			buildSettings = {
				ALWAYS_SEARCH_USER_PATHS = NO;
				CLANG_CXX_LANGUAGE_STANDARD = "gnu++0x";
				CLANG_CXX_LIBRARY = "libc++";
				CLANG_ENABLE_MODULES = YES;
				CLANG_ENABLE_OBJC_ARC = YES;
				CLANG_WARN_BOOL_CONVERSION = YES;
				CLANG_WARN_CONSTANT_CONVERSION = YES;
				CLANG_WARN_DIRECT_OBJC_ISA_USAGE = YES_ERROR;
				CLANG_WARN_EMPTY_BODY = YES;
				CLANG_WARN_ENUM_CONVERSION = YES;
				CLANG_WARN_INT_CONVERSION = YES;
				CLANG_WARN_OBJC_ROOT_CLASS = YES_ERROR;
				CLANG_WARN__DUPLICATE_METHOD_MATCH = YES;
				"CODE_SIGN_IDENTITY[sdk=iphoneos*]" = "iPhone Developer";
				COPY_PHASE_STRIP = YES;
				ENABLE_NS_ASSERTIONS = NO;
				GCC_C_LANGUAGE_STANDARD = gnu99;
				GCC_WARN_64_TO_32_BIT_CONVERSION = YES;
				GCC_WARN_ABOUT_RETURN_TYPE = YES_ERROR;
				GCC_WARN_UNDECLARED_SELECTOR = YES;
				GCC_WARN_UNINITIALIZED_AUTOS = YES_AGGRESSIVE;
				GCC_WARN_UNUSED_FUNCTION = YES;
				GCC_WARN_UNUSED_VARIABLE = YES;
				IPHONEOS_DEPLOYMENT_TARGET = 7.1;
				SDKROOT = iphoneos;
				VALIDATE_PRODUCT = YES;
			};
			name = Release;
		};
		D09497F1192E9D6B006C00A0 /* Debug */ = {
			isa = XCBuildConfiguration;
			buildSettings = {
				ASSETCATALOG_COMPILER_APPICON_NAME = AppIcon;
				ASSETCATALOG_COMPILER_LAUNCHIMAGE_NAME = LaunchImage;
				GCC_PRECOMPILE_PREFIX_HEADER = YES;
				GCC_PREFIX_HEADER = "Week2Assessment/Week2Assessment-Prefix.pch";
				INFOPLIST_FILE = "Week2Assessment/Week2Assessment-Info.plist";
				PRODUCT_NAME = "$(TARGET_NAME)";
				WRAPPER_EXTENSION = app;
			};
			name = Debug;
		};
		D09497F2192E9D6B006C00A0 /* Release */ = {
			isa = XCBuildConfiguration;
			buildSettings = {
				ASSETCATALOG_COMPILER_APPICON_NAME = AppIcon;
				ASSETCATALOG_COMPILER_LAUNCHIMAGE_NAME = LaunchImage;
				GCC_PRECOMPILE_PREFIX_HEADER = YES;
				GCC_PREFIX_HEADER = "Week2Assessment/Week2Assessment-Prefix.pch";
				INFOPLIST_FILE = "Week2Assessment/Week2Assessment-Info.plist";
				PRODUCT_NAME = "$(TARGET_NAME)";
				WRAPPER_EXTENSION = app;
			};
			name = Release;
		};
		D09497F4192E9D6B006C00A0 /* Debug */ = {
			isa = XCBuildConfiguration;
			buildSettings = {
				BUNDLE_LOADER = "$(BUILT_PRODUCTS_DIR)/Week2Assessment.app/Week2Assessment";
				FRAMEWORK_SEARCH_PATHS = (
					"$(SDKROOT)/Developer/Library/Frameworks",
					"$(inherited)",
					"$(DEVELOPER_FRAMEWORKS_DIR)",
				);
				GCC_PRECOMPILE_PREFIX_HEADER = YES;
				GCC_PREFIX_HEADER = "Week2Assessment/Week2Assessment-Prefix.pch";
				GCC_PREPROCESSOR_DEFINITIONS = (
					"DEBUG=1",
					"$(inherited)",
				);
				INFOPLIST_FILE = "Week2AssessmentTests/Week2AssessmentTests-Info.plist";
				PRODUCT_NAME = "$(TARGET_NAME)";
				TEST_HOST = "$(BUNDLE_LOADER)";
				WRAPPER_EXTENSION = xctest;
			};
			name = Debug;
		};
		D09497F5192E9D6B006C00A0 /* Release */ = {
			isa = XCBuildConfiguration;
			buildSettings = {
				BUNDLE_LOADER = "$(BUILT_PRODUCTS_DIR)/Week2Assessment.app/Week2Assessment";
				FRAMEWORK_SEARCH_PATHS = (
					"$(SDKROOT)/Developer/Library/Frameworks",
					"$(inherited)",
					"$(DEVELOPER_FRAMEWORKS_DIR)",
				);
				GCC_PRECOMPILE_PREFIX_HEADER = YES;
				GCC_PREFIX_HEADER = "Week2Assessment/Week2Assessment-Prefix.pch";
				INFOPLIST_FILE = "Week2AssessmentTests/Week2AssessmentTests-Info.plist";
				PRODUCT_NAME = "$(TARGET_NAME)";
				TEST_HOST = "$(BUNDLE_LOADER)";
				WRAPPER_EXTENSION = xctest;
			};
			name = Release;
		};
/* End XCBuildConfiguration section */

/* Begin XCConfigurationList section */
		D09497B9192E9D6B006C00A0 /* Build configuration list for PBXProject "Week2Assessment" */ = {
			isa = XCConfigurationList;
			buildConfigurations = (
				D09497EE192E9D6B006C00A0 /* Debug */,
				D09497EF192E9D6B006C00A0 /* Release */,
			);
			defaultConfigurationIsVisible = 0;
			defaultConfigurationName = Release;
		};
		D09497F0192E9D6B006C00A0 /* Build configuration list for PBXNativeTarget "Week2Assessment" */ = {
			isa = XCConfigurationList;
			buildConfigurations = (
				D09497F1192E9D6B006C00A0 /* Debug */,
				D09497F2192E9D6B006C00A0 /* Release */,
			);
			defaultConfigurationIsVisible = 0;
		};
		D09497F3192E9D6B006C00A0 /* Build configuration list for PBXNativeTarget "Week2AssessmentTests" */ = {
			isa = XCConfigurationList;
			buildConfigurations = (
				D09497F4192E9D6B006C00A0 /* Debug */,
				D09497F5192E9D6B006C00A0 /* Release */,
			);
			defaultConfigurationIsVisible = 0;
		};
/* End XCConfigurationList section */
	};
	rootObject = D09497B6192E9D6B006C00A0 /* Project object */;
}
